# Generated by buf. DO NOT EDIT.
version: v2
deps:
  - name: buf.build/bufbuild/protovalidate
    commit: a3320276596649bcad929ac829d451f4
    digest: b5:285a6d3a423b195a21f45aacc97ee222ac09cfb01a42f0d546aa51d92177b0b9d00eb9ae93e72dabbbefdc77f35a4c7a11f15d913cc08da764fcb6071f85d148
  - name: buf.build/googleapis/googleapis
    commit: e93e34f48be043dab55be31b4b47f458
    digest: b5:cebe5dfac5f7d67c55296f37ad9d368dba8d9862777e69d5d99eb1d72dc95fa68cd6323b483ca42cf70e66060002c1bc36e1f5f754b217a5c771c108eb243dbf
  - name: buf.build/grpc/grpc
    commit: 9327911dce6e4b51a37ad5e93578c833
    digest: b5:4778e2461d27be4f17d557ee958ba034281151f838c1608c7c367c8e81d20def24466cd7173a5e9cef66db26dda9bb25f66bc32aa7b26957640fc2a98b7db02a
